
Microsoft Visual Studio Solution File, Format Version 12.00
# Visual Studio Version 16
VisualStudioVersion = 16.0.30717.126
MinimumVisualStudioVersion = 10.0.40219.1
Project("{FAE04EC0-301F-11D3-BF4B-00C04F79EFBC}") = "myWebsite", "myWebsite\myWebsite.csproj", "{D268FB10-996C-4919-825D-378B7F977051}"
EndProject
Global
	GlobalSection(SolutionConfigurationPlatforms) = preSolution
		Debug|Any CPU = Debug|Any CPU
		Release|Any CPU = Release|Any CPU
	EndGlobalSection
	GlobalSection(ProjectConfigurationPlatforms) = postSolution
		{D268FB10-996C-4919-825D-378B7F977051}.Debug|Any CPU.ActiveCfg = Debug|Any CPU
		{D268FB10-996C-4919-825D-378B7F977051}.Debug|Any CPU.Build.0 = Debug|Any CPU
		{D268FB10-996C-4919-825D-378B7F977051}.Release|Any CPU.ActiveCfg = Release|Any CPU
		{D268FB10-996C-4919-825D-378B7F977051}.Release|Any CPU.Build.0 = Release|Any CPU
	EndGlobalSection
	GlobalSection(SolutionProperties) = preSolution
		HideSolutionNode = FALSE
	EndGlobalSection
	GlobalSection(ExtensibilityGlobals) = postSolution
		SolutionGuid = {1C5D1D45-6C03-443C-BCBE-DBA4B51E58C4}
	EndGlobalSection
EndGlobal
